# THIS IS AN AUTOGENERATED FILE. DO NOT EDIT THIS FILE DIRECTLY.
# yarn lockfile v1


"@gdwc/components@^1.0.8":
  version "1.0.8"
  resolved "https://registry.yarnpkg.com/@gdwc/components/-/components-1.0.8.tgz#356d0941dec8e3990435e6ab3a95ebe7ce3efd53"
  integrity sha512-WIJ/FXCS9/a/XGCUHcI0OXmw4wAA1wW/0G4DHs/Srwd1lPNQbXna4hQl5tPY8FtawPVAhGHWreXusaKIJHohYg==
  dependencies:
    linkset-menu "0.0.2"
    lit-element "^2.4.0"

"@popperjs/core@^2.9.2":
  version "2.9.2"
  resolved "https://registry.yarnpkg.com/@popperjs/core/-/core-2.9.2.tgz#adea7b6953cbb34651766b0548468e743c6a2353"
  integrity sha512-VZMYa7+fXHdwIq1TDhSXoVmSPEGM/aa+6Aiq3nVVJ9bXr24zScr+NlKFKC3iPljA7ho/GAZr+d2jOf5GIRC30Q==

"@webcomponents/webcomponentsjs@^2.5.0":
  version "2.5.0"
  resolved "https://registry.yarnpkg.com/@webcomponents/webcomponentsjs/-/webcomponentsjs-2.5.0.tgz#61b27785a6ad5bfd68fa018201fe418b118cb38d"
  integrity sha512-C0l51MWQZ9kLzcxOZtniOMohpIFdCLZum7/TEHv3XWFc1Fvt5HCpbSX84x8ltka/JuNKcuiDnxXFkiB2gaePcg==

linkset-menu@0.0.2, linkset-menu@^0.0.2:
  version "0.0.2"
  resolved "https://registry.yarnpkg.com/linkset-menu/-/linkset-menu-0.0.2.tgz#c9711d8a97ad3e3fcc5781f550179bca1399d90e"
  integrity sha512-/zyfVKLJKOquRoRG7ZwZzBM3V9MUpJihjG7+JtIDmB7U2GH+5WFc6OCntOmS84cVu6XT6vLnNfqYEsiWNQIhaw==
  dependencies:
    linkset "0.0.2"

linkset@0.0.2:
  version "0.0.2"
  resolved "https://registry.yarnpkg.com/linkset/-/linkset-0.0.2.tgz#f99f6ad71c01c3520f5107b408892e6bfb9980a5"
  integrity sha512-ugfOxntumsuerOqtycbDBOSpj5DiOtRngc0jO7mPt6LJRi4rRf5onipI29QGMHwZEKdRNPm6wIdQKmv3M+ro1A==

lit-element@^2.4.0, lit-element@^2.5.1:
  version "2.5.1"
  resolved "https://registry.yarnpkg.com/lit-element/-/lit-element-2.5.1.tgz#3fa74b121a6cd22902409ae3859b7847d01aa6b6"
  integrity sha512-ogu7PiJTA33bEK0xGu1dmaX5vhcRjBXCFexPja0e7P7jqLhTpNKYRPmE+GmiCaRVAbiQKGkUgkh/i6+bh++dPQ==
  dependencies:
    lit-html "^1.1.1"

lit-html@^1.1.1:
  version "1.4.1"
  resolved "https://registry.yarnpkg.com/lit-html/-/lit-html-1.4.1.tgz#0c6f3ee4ad4eb610a49831787f0478ad8e9ae5e0"
  integrity sha512-B9btcSgPYb1q4oSOb/PrOT6Z/H+r6xuNzfH4lFli/AWhYwdtrgQkQWBbIc6mdnf6E2IL3gDXdkkqNktpU0OZQA==

regenerator-runtime@^0.13.7:
  version "0.13.7"
  resolved "https://registry.yarnpkg.com/regenerator-runtime/-/regenerator-runtime-0.13.7.tgz#cac2dacc8a1ea675feaabaeb8ae833898ae46f55"
  integrity sha512-a54FxoJDIr27pgf7IgeQGxmqUNYrcV338lf/6gH456HZ/PhX+5BcwHXG9ajESmwe6WRO0tAzRUrRmNONWgkrew==
